
Microsoft Visual Studio Solution File, Format Version 12.00
# Visual Studio Version 16
VisualStudioVersion = 16.0.28803.202
MinimumVisualStudioVersion = 10.0.40219.1
Project("{FAE04EC0-301F-11D3-BF4B-00C04F79EFBC}") = "SwServiceRabbit.Cli", "SwServiceRabbit.Cli\SwServiceRabbit.Cli.csproj", "{31C568D4-4F09-4A9A-ABDB-8D7E7B7F9E9F}"
EndProject
Global
	GlobalSection(SolutionConfigurationPlatforms) = preSolution
		Debug|Any CPU = Debug|Any CPU
		Release|Any CPU = Release|Any CPU
	EndGlobalSection
	GlobalSection(ProjectConfigurationPlatforms) = postSolution
		{31C568D4-4F09-4A9A-ABDB-8D7E7B7F9E9F}.Debug|Any CPU.ActiveCfg = Debug|Any CPU
		{31C568D4-4F09-4A9A-ABDB-8D7E7B7F9E9F}.Debug|Any CPU.Build.0 = Debug|Any CPU
		{31C568D4-4F09-4A9A-ABDB-8D7E7B7F9E9F}.Release|Any CPU.ActiveCfg = Release|Any CPU
		{31C568D4-4F09-4A9A-ABDB-8D7E7B7F9E9F}.Release|Any CPU.Build.0 = Release|Any CPU
	EndGlobalSection
	GlobalSection(SolutionProperties) = preSolution
		HideSolutionNode = FALSE
	EndGlobalSection
	GlobalSection(ExtensibilityGlobals) = postSolution
		SolutionGuid = {0F63B1D0-6BDE-42FF-9837-4258C4293598}
	EndGlobalSection
EndGlobal
